
Microsoft Visual Studio Solution File, Format Version 12.00
# Visual Studio Version 16
VisualStudioVersion = 16.0.30611.23
MinimumVisualStudioVersion = 10.0.40219.1
Project("{8BC9CEB8-8B4A-11D0-8D11-00A0C91BC942}") = "Server", "Server\Server.vcxproj", "{BB118D46-B159-4A8E-A6F3-899C5750A1AF}"
EndProject
Project("{FAE04EC0-301F-11D3-BF4B-00C04F79EFBC}") = "Client", "Client\Client.csproj", "{5A8CC3BC-58A8-46BC-A9E1-93D9FFE6B12D}"
EndProject
Global
	GlobalSection(SolutionConfigurationPlatforms) = preSolution
		Debug|Any CPU = Debug|Any CPU
		Debug|x64 = Debug|x64
		Debug|x86 = Debug|x86
		Release|Any CPU = Release|Any CPU
		Release|x64 = Release|x64
		Release|x86 = Release|x86
	EndGlobalSection
	GlobalSection(ProjectConfigurationPlatforms) = postSolution
		{BB118D46-B159-4A8E-A6F3-899C5750A1AF}.Debug|Any CPU.ActiveCfg = Debug|Win32
		{BB118D46-B159-4A8E-A6F3-899C5750A1AF}.Debug|x64.ActiveCfg = Debug|x64
		{BB118D46-B159-4A8E-A6F3-899C5750A1AF}.Debug|x64.Build.0 = Debug|x64
		{BB118D46-B159-4A8E-A6F3-899C5750A1AF}.Debug|x86.ActiveCfg = Debug|Win32
		{BB118D46-B159-4A8E-A6F3-899C5750A1AF}.Debug|x86.Build.0 = Debug|Win32
		{BB118D46-B159-4A8E-A6F3-899C5750A1AF}.Release|Any CPU.ActiveCfg = Release|Win32
		{BB118D46-B159-4A8E-A6F3-899C5750A1AF}.Release|x64.ActiveCfg = Release|x64
		{BB118D46-B159-4A8E-A6F3-899C5750A1AF}.Release|x64.Build.0 = Release|x64
		{BB118D46-B159-4A8E-A6F3-899C5750A1AF}.Release|x86.ActiveCfg = Release|Win32
		{BB118D46-B159-4A8E-A6F3-899C5750A1AF}.Release|x86.Build.0 = Release|Win32
		{5A8CC3BC-58A8-46BC-A9E1-93D9FFE6B12D}.Debug|Any CPU.ActiveCfg = Debug|Any CPU
		{5A8CC3BC-58A8-46BC-A9E1-93D9FFE6B12D}.Debug|Any CPU.Build.0 = Debug|Any CPU
		{5A8CC3BC-58A8-46BC-A9E1-93D9FFE6B12D}.Debug|x64.ActiveCfg = Debug|Any CPU
		{5A8CC3BC-58A8-46BC-A9E1-93D9FFE6B12D}.Debug|x64.Build.0 = Debug|Any CPU
		{5A8CC3BC-58A8-46BC-A9E1-93D9FFE6B12D}.Debug|x86.ActiveCfg = Debug|Any CPU
		{5A8CC3BC-58A8-46BC-A9E1-93D9FFE6B12D}.Debug|x86.Build.0 = Debug|Any CPU
		{5A8CC3BC-58A8-46BC-A9E1-93D9FFE6B12D}.Release|Any CPU.ActiveCfg = Release|Any CPU
		{5A8CC3BC-58A8-46BC-A9E1-93D9FFE6B12D}.Release|Any CPU.Build.0 = Release|Any CPU
		{5A8CC3BC-58A8-46BC-A9E1-93D9FFE6B12D}.Release|x64.ActiveCfg = Release|Any CPU
		{5A8CC3BC-58A8-46BC-A9E1-93D9FFE6B12D}.Release|x64.Build.0 = Release|Any CPU
		{5A8CC3BC-58A8-46BC-A9E1-93D9FFE6B12D}.Release|x86.ActiveCfg = Release|Any CPU
		{5A8CC3BC-58A8-46BC-A9E1-93D9FFE6B12D}.Release|x86.Build.0 = Release|Any CPU
	EndGlobalSection
	GlobalSection(SolutionProperties) = preSolution
		HideSolutionNode = FALSE
	EndGlobalSection
	GlobalSection(ExtensibilityGlobals) = postSolution
		SolutionGuid = {F0E51038-B800-4C0F-92BE-1CA780DCC75F}
	EndGlobalSection
EndGlobal
